// !$*UTF8*$!
{
	archiveVersion = 1;
	classes = {
	};
	objectVersion = 46;
	objects = {

/* Begin PBXBuildFile section */
		AC0C60E71F62D201001AD8B1 /* AppDelegate.swift in Sources */ = {isa = PBXBuildFile; fileRef = AC0C60E61F62D201001AD8B1 /* AppDelegate.swift */; };
		AC0C60EE1F62D201001AD8B1 /* Assets.xcassets in Resources */ = {isa = PBXBuildFile; fileRef = AC0C60ED1F62D201001AD8B1 /* Assets.xcassets */; };
		AC0C60F11F62D201001AD8B1 /* LaunchScreen.storyboard in Resources */ = {isa = PBXBuildFile; fileRef = AC0C60EF1F62D201001AD8B1 /* LaunchScreen.storyboard */; };
		AC39499E20AC86E0008BF6F9 /* Model.xcdatamodeld in Sources */ = {isa = PBXBuildFile; fileRef = AC39499C20AC86E0008BF6F9 /* Model.xcdatamodeld */; };
		AC3949A320AC885E008BF6F9 /* MovieModel.swift in Sources */ = {isa = PBXBuildFile; fileRef = AC39499F20AC885E008BF6F9 /* MovieModel.swift */; };
		AC62B8D51F683AB000DDE7C6 /* MoviesListViewController.swift in Sources */ = {isa = PBXBuildFile; fileRef = AC62B8D31F683AB000DDE7C6 /* MoviesListViewController.swift */; };
		AC62B8D61F683AB000DDE7C6 /* MoviesListViewController.xib in Resources */ = {isa = PBXBuildFile; fileRef = AC62B8D41F683AB000DDE7C6 /* MoviesListViewController.xib */; };
		AC62B8D91F683DA300DDE7C6 /* MovieTableViewCell.swift in Sources */ = {isa = PBXBuildFile; fileRef = AC62B8D71F683DA300DDE7C6 /* MovieTableViewCell.swift */; };
		AC62B8DA1F683DA300DDE7C6 /* MovieTableViewCell.xib in Resources */ = {isa = PBXBuildFile; fileRef = AC62B8D81F683DA300DDE7C6 /* MovieTableViewCell.xib */; };
		AC7E974C20A10B9600AAC640 /* MoviesViewModel.swift in Sources */ = {isa = PBXBuildFile; fileRef = AC7E974B20A10B9600AAC640 /* MoviesViewModel.swift */; };
		AC7E974F20A10C2300AAC640 /* SingleMovieViewController.swift in Sources */ = {isa = PBXBuildFile; fileRef = AC7E974D20A10C2300AAC640 /* SingleMovieViewController.swift */; };
		AC7E975020A10C2300AAC640 /* SingleMovieViewController.xib in Resources */ = {isa = PBXBuildFile; fileRef = AC7E974E20A10C2300AAC640 /* SingleMovieViewController.xib */; };
		AC7E975220A10C5400AAC640 /* SingleMovieViewModel.swift in Sources */ = {isa = PBXBuildFile; fileRef = AC7E975120A10C5400AAC640 /* SingleMovieViewModel.swift */; };
		AC92A7681F6843C000439163 /* MoviesTableSectionHeader.swift in Sources */ = {isa = PBXBuildFile; fileRef = AC92A7671F6843C000439163 /* MoviesTableSectionHeader.swift */; };
		F771E15E20C82F52007DD1B9 /* SearchMovieViewController.swift in Sources */ = {isa = PBXBuildFile; fileRef = F771E15C20C82F52007DD1B9 /* SearchMovieViewController.swift */; };
		F771E15F20C82F52007DD1B9 /* SearchMovieViewController.xib in Resources */ = {isa = PBXBuildFile; fileRef = F771E15D20C82F52007DD1B9 /* SearchMovieViewController.xib */; };
/* End PBXBuildFile section */

/* Begin PBXFileReference section */
		68AB3215B27590A66714915A /* Pods-IntroDemo.debug.xcconfig */ = {isa = PBXFileReference; includeInIndex = 1; lastKnownFileType = text.xcconfig; name = "Pods-IntroDemo.debug.xcconfig"; path = "Pods/Target Support Files/Pods-IntroDemo/Pods-IntroDemo.debug.xcconfig"; sourceTree = "<group>"; };
		AC0C60E31F62D201001AD8B1 /* ListOfMovies.app */ = {isa = PBXFileReference; explicitFileType = wrapper.application; includeInIndex = 0; path = ListOfMovies.app; sourceTree = BUILT_PRODUCTS_DIR; };
		AC0C60E61F62D201001AD8B1 /* AppDelegate.swift */ = {isa = PBXFileReference; lastKnownFileType = sourcecode.swift; path = AppDelegate.swift; sourceTree = "<group>"; };
		AC0C60ED1F62D201001AD8B1 /* Assets.xcassets */ = {isa = PBXFileReference; lastKnownFileType = folder.assetcatalog; path = Assets.xcassets; sourceTree = "<group>"; };
		AC0C60F01F62D201001AD8B1 /* Base */ = {isa = PBXFileReference; lastKnownFileType = file.storyboard; name = Base; path = Base.lproj/LaunchScreen.storyboard; sourceTree = "<group>"; };
		AC0C60F21F62D201001AD8B1 /* Info.plist */ = {isa = PBXFileReference; lastKnownFileType = text.plist.xml; path = Info.plist; sourceTree = "<group>"; };
		AC39499D20AC86E0008BF6F9 /* Model.xcdatamodel */ = {isa = PBXFileReference; lastKnownFileType = wrapper.xcdatamodel; path = Model.xcdatamodel; sourceTree = "<group>"; };
		AC39499F20AC885E008BF6F9 /* MovieModel.swift */ = {isa = PBXFileReference; lastKnownFileType = sourcecode.swift; path = MovieModel.swift; sourceTree = "<group>"; };
		AC62B8D31F683AB000DDE7C6 /* MoviesListViewController.swift */ = {isa = PBXFileReference; lastKnownFileType = sourcecode.swift; path = MoviesListViewController.swift; sourceTree = "<group>"; };
		AC62B8D41F683AB000DDE7C6 /* MoviesListViewController.xib */ = {isa = PBXFileReference; lastKnownFileType = file.xib; path = MoviesListViewController.xib; sourceTree = "<group>"; };
		AC62B8D71F683DA300DDE7C6 /* MovieTableViewCell.swift */ = {isa = PBXFileReference; lastKnownFileType = sourcecode.swift; path = MovieTableViewCell.swift; sourceTree = "<group>"; };
		AC62B8D81F683DA300DDE7C6 /* MovieTableViewCell.xib */ = {isa = PBXFileReference; lastKnownFileType = file.xib; path = MovieTableViewCell.xib; sourceTree = "<group>"; };
		AC7E974B20A10B9600AAC640 /* MoviesViewModel.swift */ = {isa = PBXFileReference; lastKnownFileType = sourcecode.swift; path = MoviesViewModel.swift; sourceTree = "<group>"; };
		AC7E974D20A10C2300AAC640 /* SingleMovieViewController.swift */ = {isa = PBXFileReference; lastKnownFileType = sourcecode.swift; path = SingleMovieViewController.swift; sourceTree = "<group>"; };
		AC7E974E20A10C2300AAC640 /* SingleMovieViewController.xib */ = {isa = PBXFileReference; lastKnownFileType = file.xib; path = SingleMovieViewController.xib; sourceTree = "<group>"; };
		AC7E975120A10C5400AAC640 /* SingleMovieViewModel.swift */ = {isa = PBXFileReference; lastKnownFileType = sourcecode.swift; path = SingleMovieViewModel.swift; sourceTree = "<group>"; };
		AC92A7671F6843C000439163 /* MoviesTableSectionHeader.swift */ = {isa = PBXFileReference; lastKnownFileType = sourcecode.swift; path = MoviesTableSectionHeader.swift; sourceTree = "<group>"; };
		C74618A5588C88E631AD3225 /* Pods-IntroDemo.release.xcconfig */ = {isa = PBXFileReference; includeInIndex = 1; lastKnownFileType = text.xcconfig; name = "Pods-IntroDemo.release.xcconfig"; path = "Pods/Target Support Files/Pods-IntroDemo/Pods-IntroDemo.release.xcconfig"; sourceTree = "<group>"; };
		F1F3350FFAD4446DFA6B3603 /* Pods_IntroDemo.framework */ = {isa = PBXFileReference; explicitFileType = wrapper.framework; includeInIndex = 0; path = Pods_IntroDemo.framework; sourceTree = BUILT_PRODUCTS_DIR; };
		F771E15C20C82F52007DD1B9 /* SearchMovieViewController.swift */ = {isa = PBXFileReference; lastKnownFileType = sourcecode.swift; path = SearchMovieViewController.swift; sourceTree = "<group>"; };
		F771E15D20C82F52007DD1B9 /* SearchMovieViewController.xib */ = {isa = PBXFileReference; lastKnownFileType = file.xib; path = SearchMovieViewController.xib; sourceTree = "<group>"; };
/* End PBXFileReference section */

/* Begin PBXFrameworksBuildPhase section */
		AC0C60E01F62D201001AD8B1 /* Frameworks */ = {
			isa = PBXFrameworksBuildPhase;
			buildActionMask = 2147483647;
			files = (
			);
			runOnlyForDeploymentPostprocessing = 0;
		};
/* End PBXFrameworksBuildPhase section */

/* Begin PBXGroup section */
		9A3BFEE124D6F50C59C8A0CB /* Frameworks */ = {
			isa = PBXGroup;
			children = (
				F1F3350FFAD4446DFA6B3603 /* Pods_IntroDemo.framework */,
			);
			name = Frameworks;
			sourceTree = "<group>";
		};
		AC0C60DA1F62D201001AD8B1 = {
			isa = PBXGroup;
			children = (
				AC0C60E51F62D201001AD8B1 /* IntroDemo */,
				AC0C60E41F62D201001AD8B1 /* Products */,
				BC601E0B0D4B197BB1623985 /* Pods */,
				9A3BFEE124D6F50C59C8A0CB /* Frameworks */,
			);
			sourceTree = "<group>";
		};
		AC0C60E41F62D201001AD8B1 /* Products */ = {
			isa = PBXGroup;
			children = (
				AC0C60E31F62D201001AD8B1 /* ListOfMovies.app */,
			);
			name = Products;
			sourceTree = "<group>";
		};
		AC0C60E51F62D201001AD8B1 /* IntroDemo */ = {
			isa = PBXGroup;
			children = (
				AC0C60E61F62D201001AD8B1 /* AppDelegate.swift */,
				AC7E974A20A10B0A00AAC640 /* Models */,
				AC7E974920A10B0000AAC640 /* ViewModels */,
				AC7E974720A10AE700AAC640 /* ViewControllers */,
				AC7E974820A10AF700AAC640 /* Views */,
				AC0C60F81F62D220001AD8B1 /* Resources */,
			);
			name = IntroDemo;
			path = /Users/Cona/fer/ListOfMovies/IntroDemo;
			sourceTree = "<absolute>";
		};
		AC0C60F81F62D220001AD8B1 /* Resources */ = {
			isa = PBXGroup;
			children = (
				AC0C60ED1F62D201001AD8B1 /* Assets.xcassets */,
				AC0C60EF1F62D201001AD8B1 /* LaunchScreen.storyboard */,
				AC0C60F21F62D201001AD8B1 /* Info.plist */,
			);
			name = Resources;
			sourceTree = "<group>";
		};
		AC7E974720A10AE700AAC640 /* ViewControllers */ = {
			isa = PBXGroup;
			children = (
				AC62B8D31F683AB000DDE7C6 /* MoviesListViewController.swift */,
				AC62B8D41F683AB000DDE7C6 /* MoviesListViewController.xib */,
				AC7E974D20A10C2300AAC640 /* SingleMovieViewController.swift */,
				AC7E974E20A10C2300AAC640 /* SingleMovieViewController.xib */,
				F771E15C20C82F52007DD1B9 /* SearchMovieViewController.swift */,
				F771E15D20C82F52007DD1B9 /* SearchMovieViewController.xib */,
			);
			name = ViewControllers;
			sourceTree = "<group>";
		};
		AC7E974820A10AF700AAC640 /* Views */ = {
			isa = PBXGroup;
			children = (
				AC62B8D71F683DA300DDE7C6 /* MovieTableViewCell.swift */,
				AC62B8D81F683DA300DDE7C6 /* MovieTableViewCell.xib */,
				AC92A7671F6843C000439163 /* MoviesTableSectionHeader.swift */,
			);
			name = Views;
			sourceTree = "<group>";
		};
		AC7E974920A10B0000AAC640 /* ViewModels */ = {
			isa = PBXGroup;
			children = (
				AC7E974B20A10B9600AAC640 /* MoviesViewModel.swift */,
				AC7E975120A10C5400AAC640 /* SingleMovieViewModel.swift */,
			);
			name = ViewModels;
			sourceTree = "<group>";
		};
		AC7E974A20A10B0A00AAC640 /* Models */ = {
			isa = PBXGroup;
			children = (
				AC39499F20AC885E008BF6F9 /* MovieModel.swift */,
				AC39499C20AC86E0008BF6F9 /* Model.xcdatamodeld */,
			);
			name = Models;
			sourceTree = "<group>";
		};
		BC601E0B0D4B197BB1623985 /* Pods */ = {
			isa = PBXGroup;
			children = (
				68AB3215B27590A66714915A /* Pods-IntroDemo.debug.xcconfig */,
				C74618A5588C88E631AD3225 /* Pods-IntroDemo.release.xcconfig */,
			);
			name = Pods;
			sourceTree = "<group>";
		};
/* End PBXGroup section */

/* Begin PBXNativeTarget section */
		AC0C60E21F62D201001AD8B1 /* IntroDemo */ = {
			isa = PBXNativeTarget;
			buildConfigurationList = AC0C60F51F62D201001AD8B1 /* Build configuration list for PBXNativeTarget "IntroDemo" */;
			buildPhases = (
				5FEE4DC67B3E465413190204 /* [CP] Check Pods Manifest.lock */,
				AC0C60DF1F62D201001AD8B1 /* Sources */,
				AC0C60E01F62D201001AD8B1 /* Frameworks */,
				AC0C60E11F62D201001AD8B1 /* Resources */,
				A7A0654C26D91EFA01AC9C4A /* [CP] Embed Pods Frameworks */,
			);
			buildRules = (
			);
			dependencies = (
			);
			name = IntroDemo;
			productName = IntroDemo;
			productReference = AC0C60E31F62D201001AD8B1 /* ListOfMovies.app */;
			productType = "com.apple.product-type.application";
		};
/* End PBXNativeTarget section */

/* Begin PBXProject section */
		AC0C60DB1F62D201001AD8B1 /* Project object */ = {
			isa = PBXProject;
			attributes = {
				LastSwiftUpdateCheck = 0830;
				LastUpgradeCheck = 0930;
				ORGANIZATIONNAME = Cona;
				TargetAttributes = {
					AC0C60E21F62D201001AD8B1 = {
						CreatedOnToolsVersion = 8.3.3;
						ProvisioningStyle = Automatic;
					};
				};
			};
			buildConfigurationList = AC0C60DE1F62D201001AD8B1 /* Build configuration list for PBXProject "ListOfMovies" */;
			compatibilityVersion = "Xcode 3.2";
			developmentRegion = English;
			hasScannedForEncodings = 0;
			knownRegions = (
				en,
				Base,
			);
			mainGroup = AC0C60DA1F62D201001AD8B1;
			productRefGroup = AC0C60E41F62D201001AD8B1 /* Products */;
			projectDirPath = "";
			projectRoot = "";
			targets = (
				AC0C60E21F62D201001AD8B1 /* IntroDemo */,
			);
		};
/* End PBXProject section */

/* Begin PBXResourcesBuildPhase section */
		AC0C60E11F62D201001AD8B1 /* Resources */ = {
			isa = PBXResourcesBuildPhase;
			buildActionMask = 2147483647;
			files = (
				AC62B8DA1F683DA300DDE7C6 /* MovieTableViewCell.xib in Resources */,
				AC62B8D61F683AB000DDE7C6 /* MoviesListViewController.xib in Resources */,
				AC0C60F11F62D201001AD8B1 /* LaunchScreen.storyboard in Resources */,
				F771E15F20C82F52007DD1B9 /* SearchMovieViewController.xib in Resources */,
				AC7E975020A10C2300AAC640 /* SingleMovieViewController.xib in Resources */,
				AC0C60EE1F62D201001AD8B1 /* Assets.xcassets in Resources */,
			);
			runOnlyForDeploymentPostprocessing = 0;
		};
/* End PBXResourcesBuildPhase section */

/* Begin PBXShellScriptBuildPhase section */
		5FEE4DC67B3E465413190204 /* [CP] Check Pods Manifest.lock */ = {
			isa = PBXShellScriptBuildPhase;
			buildActionMask = 2147483647;
			files = (
			);
			inputPaths = (
				"${PODS_PODFILE_DIR_PATH}/Podfile.lock",
				"${PODS_ROOT}/Manifest.lock",
			);
			name = "[CP] Check Pods Manifest.lock";
			outputPaths = (
				"$(DERIVED_FILE_DIR)/Pods-IntroDemo-checkManifestLockResult.txt",
			);
			runOnlyForDeploymentPostprocessing = 0;
			shellPath = /bin/sh;
			shellScript = "diff \"${PODS_PODFILE_DIR_PATH}/Podfile.lock\" \"${PODS_ROOT}/Manifest.lock\" > /dev/null\nif [ $? != 0 ] ; then\n    # print error to STDERR\n    echo \"error: The sandbox is not in sync with the Podfile.lock. Run 'pod install' or update your CocoaPods installation.\" >&2\n    exit 1\nfi\n# This output is used by Xcode 'outputs' to avoid re-running this script phase.\necho \"SUCCESS\" > \"${SCRIPT_OUTPUT_FILE_0}\"\n";
			showEnvVarsInLog = 0;
		};
		A7A0654C26D91EFA01AC9C4A /* [CP] Embed Pods Frameworks */ = {
			isa = PBXShellScriptBuildPhase;
			buildActionMask = 2147483647;
			files = (
			);
			inputPaths = (
				"${SRCROOT}/Pods/Target Support Files/Pods-IntroDemo/Pods-IntroDemo-frameworks.sh",
				"${BUILT_PRODUCTS_DIR}/AERecord/AERecord.framework",
				"${BUILT_PRODUCTS_DIR}/Alamofire/Alamofire.framework",
				"${BUILT_PRODUCTS_DIR}/Kingfisher/Kingfisher.framework",
				"${BUILT_PRODUCTS_DIR}/PureLayout/PureLayout.framework",
				"${BUILT_PRODUCTS_DIR}/ReachabilitySwift/Reachability.framework",
			);
			name = "[CP] Embed Pods Frameworks";
			outputPaths = (
				"${TARGET_BUILD_DIR}/${FRAMEWORKS_FOLDER_PATH}/AERecord.framework",
				"${TARGET_BUILD_DIR}/${FRAMEWORKS_FOLDER_PATH}/Alamofire.framework",
				"${TARGET_BUILD_DIR}/${FRAMEWORKS_FOLDER_PATH}/Kingfisher.framework",
				"${TARGET_BUILD_DIR}/${FRAMEWORKS_FOLDER_PATH}/PureLayout.framework",
				"${TARGET_BUILD_DIR}/${FRAMEWORKS_FOLDER_PATH}/Reachability.framework",
			);
			runOnlyForDeploymentPostprocessing = 0;
			shellPath = /bin/sh;
			shellScript = "\"${SRCROOT}/Pods/Target Support Files/Pods-IntroDemo/Pods-IntroDemo-frameworks.sh\"\n";
			showEnvVarsInLog = 0;
		};
/* End PBXShellScriptBuildPhase section */

/* Begin PBXSourcesBuildPhase section */
		AC0C60DF1F62D201001AD8B1 /* Sources */ = {
			isa = PBXSourcesBuildPhase;
			buildActionMask = 2147483647;
			files = (
				AC92A7681F6843C000439163 /* MoviesTableSectionHeader.swift in Sources */,
				AC62B8D51F683AB000DDE7C6 /* MoviesListViewController.swift in Sources */,
				AC62B8D91F683DA300DDE7C6 /* MovieTableViewCell.swift in Sources */,
				AC0C60E71F62D201001AD8B1 /* AppDelegate.swift in Sources */,
				F771E15E20C82F52007DD1B9 /* SearchMovieViewController.swift in Sources */,
				AC7E974F20A10C2300AAC640 /* SingleMovieViewController.swift in Sources */,
				AC7E974C20A10B9600AAC640 /* MoviesViewModel.swift in Sources */,
				AC3949A320AC885E008BF6F9 /* MovieModel.swift in Sources */,
				AC39499E20AC86E0008BF6F9 /* Model.xcdatamodeld in Sources */,
				AC7E975220A10C5400AAC640 /* SingleMovieViewModel.swift in Sources */,
			);
			runOnlyForDeploymentPostprocessing = 0;
		};
/* End PBXSourcesBuildPhase section */

/* Begin PBXVariantGroup section */
		AC0C60EF1F62D201001AD8B1 /* LaunchScreen.storyboard */ = {
			isa = PBXVariantGroup;
			children = (
				AC0C60F01F62D201001AD8B1 /* Base */,
			);
			name = LaunchScreen.storyboard;
			sourceTree = "<group>";
		};
/* End PBXVariantGroup section */

/* Begin XCBuildConfiguration section */
		AC0C60F31F62D201001AD8B1 /* Debug */ = {
			isa = XCBuildConfiguration;
			buildSettings = {
				ALWAYS_SEARCH_USER_PATHS = NO;
				CLANG_ANALYZER_NONNULL = YES;
				CLANG_ANALYZER_NUMBER_OBJECT_CONVERSION = YES_AGGRESSIVE;
				CLANG_CXX_LANGUAGE_STANDARD = "gnu++0x";
				CLANG_CXX_LIBRARY = "libc++";
				CLANG_ENABLE_MODULES = YES;
				CLANG_ENABLE_OBJC_ARC = YES;
				CLANG_WARN_BLOCK_CAPTURE_AUTORELEASING = YES;
				CLANG_WARN_BOOL_CONVERSION = YES;
				CLANG_WARN_COMMA = YES;
				CLANG_WARN_CONSTANT_CONVERSION = YES;
				CLANG_WARN_DEPRECATED_OBJC_IMPLEMENTATIONS = YES;
				CLANG_WARN_DIRECT_OBJC_ISA_USAGE = YES_ERROR;
				CLANG_WARN_DOCUMENTATION_COMMENTS = YES;
				CLANG_WARN_EMPTY_BODY = YES;
				CLANG_WARN_ENUM_CONVERSION = YES;
				CLANG_WARN_INFINITE_RECURSION = YES;
				CLANG_WARN_INT_CONVERSION = YES;
				CLANG_WARN_NON_LITERAL_NULL_CONVERSION = YES;
				CLANG_WARN_OBJC_IMPLICIT_RETAIN_SELF = YES;
				CLANG_WARN_OBJC_LITERAL_CONVERSION = YES;
				CLANG_WARN_OBJC_ROOT_CLASS = YES_ERROR;
				CLANG_WARN_RANGE_LOOP_ANALYSIS = YES;
				CLANG_WARN_STRICT_PROTOTYPES = YES;
				CLANG_WARN_SUSPICIOUS_MOVE = YES;
				CLANG_WARN_UNREACHABLE_CODE = YES;
				CLANG_WARN__DUPLICATE_METHOD_MATCH = YES;
				"CODE_SIGN_IDENTITY[sdk=iphoneos*]" = "iPhone Developer";
				COPY_PHASE_STRIP = NO;
				DEBUG_INFORMATION_FORMAT = dwarf;
				ENABLE_STRICT_OBJC_MSGSEND = YES;
				ENABLE_TESTABILITY = YES;
				GCC_C_LANGUAGE_STANDARD = gnu99;
				GCC_DYNAMIC_NO_PIC = NO;
				GCC_NO_COMMON_BLOCKS = YES;
				GCC_OPTIMIZATION_LEVEL = 0;
				GCC_PREPROCESSOR_DEFINITIONS = (
					"DEBUG=1",
					"$(inherited)",
				);
				GCC_WARN_64_TO_32_BIT_CONVERSION = YES;
				GCC_WARN_ABOUT_RETURN_TYPE = YES_ERROR;
				GCC_WARN_UNDECLARED_SELECTOR = YES;
				GCC_WARN_UNINITIALIZED_AUTOS = YES_AGGRESSIVE;
				GCC_WARN_UNUSED_FUNCTION = YES;
				GCC_WARN_UNUSED_VARIABLE = YES;
				"INFOPLIST_FILE[sdk=*]" = Info.plist;
				IPHONEOS_DEPLOYMENT_TARGET = 10.3;
				MTL_ENABLE_DEBUG_INFO = YES;
				ONLY_ACTIVE_ARCH = YES;
				PRODUCT_BUNDLE_IDENTIFIER = Info.plist;
				SDKROOT = iphoneos;
				SWIFT_ACTIVE_COMPILATION_CONDITIONS = DEBUG;
				SWIFT_OPTIMIZATION_LEVEL = "-Onone";
				TARGETED_DEVICE_FAMILY = "1,2";
			};
			name = Debug;
		};
		AC0C60F41F62D201001AD8B1 /* Release */ = {
			isa = XCBuildConfiguration;
			buildSettings = {
				ALWAYS_SEARCH_USER_PATHS = NO;
				CLANG_ANALYZER_NONNULL = YES;
				CLANG_ANALYZER_NUMBER_OBJECT_CONVERSION = YES_AGGRESSIVE;
				CLANG_CXX_LANGUAGE_STANDARD = "gnu++0x";
				CLANG_CXX_LIBRARY = "libc++";
				CLANG_ENABLE_MODULES = YES;
				CLANG_ENABLE_OBJC_ARC = YES;
				CLANG_WARN_BLOCK_CAPTURE_AUTORELEASING = YES;
				CLANG_WARN_BOOL_CONVERSION = YES;
				CLANG_WARN_COMMA = YES;
				CLANG_WARN_CONSTANT_CONVERSION = YES;
				CLANG_WARN_DEPRECATED_OBJC_IMPLEMENTATIONS = YES;
				CLANG_WARN_DIRECT_OBJC_ISA_USAGE = YES_ERROR;
				CLANG_WARN_DOCUMENTATION_COMMENTS = YES;
				CLANG_WARN_EMPTY_BODY = YES;
				CLANG_WARN_ENUM_CONVERSION = YES;
				CLANG_WARN_INFINITE_RECURSION = YES;
				CLANG_WARN_INT_CONVERSION = YES;
				CLANG_WARN_NON_LITERAL_NULL_CONVERSION = YES;
				CLANG_WARN_OBJC_IMPLICIT_RETAIN_SELF = YES;
				CLANG_WARN_OBJC_LITERAL_CONVERSION = YES;
				CLANG_WARN_OBJC_ROOT_CLASS = YES_ERROR;
				CLANG_WARN_RANGE_LOOP_ANALYSIS = YES;
				CLANG_WARN_STRICT_PROTOTYPES = YES;
				CLANG_WARN_SUSPICIOUS_MOVE = YES;
				CLANG_WARN_UNREACHABLE_CODE = YES;
				CLANG_WARN__DUPLICATE_METHOD_MATCH = YES;
				"CODE_SIGN_IDENTITY[sdk=iphoneos*]" = "iPhone Developer";
				COPY_PHASE_STRIP = NO;
				DEBUG_INFORMATION_FORMAT = "dwarf-with-dsym";
				ENABLE_NS_ASSERTIONS = NO;
				ENABLE_STRICT_OBJC_MSGSEND = YES;
				GCC_C_LANGUAGE_STANDARD = gnu99;
				GCC_NO_COMMON_BLOCKS = YES;
				GCC_WARN_64_TO_32_BIT_CONVERSION = YES;
				GCC_WARN_ABOUT_RETURN_TYPE = YES_ERROR;
				GCC_WARN_UNDECLARED_SELECTOR = YES;
				GCC_WARN_UNINITIALIZED_AUTOS = YES_AGGRESSIVE;
				GCC_WARN_UNUSED_FUNCTION = YES;
				GCC_WARN_UNUSED_VARIABLE = YES;
				IPHONEOS_DEPLOYMENT_TARGET = 10.3;
				MTL_ENABLE_DEBUG_INFO = NO;
				SDKROOT = iphoneos;
				SWIFT_OPTIMIZATION_LEVEL = "-Owholemodule";
				TARGETED_DEVICE_FAMILY = "1,2";
				VALIDATE_PRODUCT = YES;
			};
			name = Release;
		};
		AC0C60F61F62D201001AD8B1 /* Debug */ = {
			isa = XCBuildConfiguration;
			baseConfigurationReference = 68AB3215B27590A66714915A /* Pods-IntroDemo.debug.xcconfig */;
			buildSettings = {
				INFOPLIST_FILE = "$(SRCROOT)/IntroDemo/Info.plist";
				LD_RUNPATH_SEARCH_PATHS = "$(inherited) @executable_path/Frameworks";
				PRODUCT_BUNDLE_IDENTIFIER = Cona.ListOfMovies;
				PRODUCT_NAME = ListOfMovies;
				SWIFT_VERSION = 3.0;
			};
			name = Debug;
		};
		AC0C60F71F62D201001AD8B1 /* Release */ = {
			isa = XCBuildConfiguration;
			baseConfigurationReference = C74618A5588C88E631AD3225 /* Pods-IntroDemo.release.xcconfig */;
			buildSettings = {
				INFOPLIST_FILE = "$(SRCROOT)/IntroDemo/Info.plist";
				LD_RUNPATH_SEARCH_PATHS = "$(inherited) @executable_path/Frameworks";
				PRODUCT_BUNDLE_IDENTIFIER = Cona.ListOfMovies;
				PRODUCT_NAME = ListOfMovies;
				SWIFT_VERSION = 3.0;
			};
			name = Release;
		};
/* End XCBuildConfiguration section */

/* Begin XCConfigurationList section */
		AC0C60DE1F62D201001AD8B1 /* Build configuration list for PBXProject "ListOfMovies" */ = {
			isa = XCConfigurationList;
			buildConfigurations = (
				AC0C60F31F62D201001AD8B1 /* Debug */,
				AC0C60F41F62D201001AD8B1 /* Release */,
			);
			defaultConfigurationIsVisible = 0;
			defaultConfigurationName = Release;
		};
		AC0C60F51F62D201001AD8B1 /* Build configuration list for PBXNativeTarget "IntroDemo" */ = {
			isa = XCConfigurationList;
			buildConfigurations = (
				AC0C60F61F62D201001AD8B1 /* Debug */,
				AC0C60F71F62D201001AD8B1 /* Release */,
			);
			defaultConfigurationIsVisible = 0;
			defaultConfigurationName = Release;
		};
/* End XCConfigurationList section */

/* Begin XCVersionGroup section */
		AC39499C20AC86E0008BF6F9 /* Model.xcdatamodeld */ = {
			isa = XCVersionGroup;
			children = (
				AC39499D20AC86E0008BF6F9 /* Model.xcdatamodel */,
			);
			currentVersion = AC39499D20AC86E0008BF6F9 /* Model.xcdatamodel */;
			path = Model.xcdatamodeld;
			sourceTree = "<group>";
			versionGroupType = wrapper.xcdatamodel;
		};
/* End XCVersionGroup section */
	};
	rootObject = AC0C60DB1F62D201001AD8B1 /* Project object */;
}
